hash: 13a2cfaf7f65615ad7e6ad99bbc17a512cd4e2af1de311bd922f0d6531d583c6
updated: 2018-10-11T11:00:22.718753877Z
imports:
- name: github.com/bradfitz/gomemcache
  version: bc664df9673713a0ccf26e3b55a673ec7301088b
  subpackages:
  - memcache
- name: github.com/docker/distribution
  version: 48294d928ced5dd9b378f7fd7c6f5da3ff3f2c89
  subpackages:
  - context
  - digest
  - manifest
  - manifest/schema1
  - manifest/schema2
  - reference
  - uuid
- name: github.com/docker/docker
  version: 90d35abf7b3535c1c319c872900fbd76374e521c
  subpackages:
  - client
- name: github.com/docker/libtrust
  version: fa567046d9b14f6aa788882a950d69651d230b21
- name: github.com/fsnotify/fsnotify
  version: ccc981bf80385c528a65fbfdd49bf2d8da22aa23
- name: github.com/golang/protobuf
  version: 8d92cf5fc15a4382f8964b08e1f42a75c0591aa3
  subpackages:
  - proto
- name: github.com/gorilla/context
  version: 14f550f51af52180c2eefed15e5fd18d63c0a64a
- name: github.com/gorilla/mux
  version: e444e69cbd2e2e3e0749a2f3c717cec491552bbf
- name: github.com/hashicorp/hcl
  version: 65a6292f0157eff210d03ed1bf6c59b190b8b906
  subpackages:
  - hcl/ast
  - hcl/parser
  - hcl/printer
  - hcl/scanner
  - hcl/strconv
  - hcl/token
  - json/parser
  - json/scanner
  - json/token
- name: github.com/heroku/docker-registry-client
  version: 47ecf50fd8d4fba87593c00ca0959029c7d6b95c
  subpackages:
  - registry
- name: github.com/inconshreveable/mousetrap
  version: 76626ae9c91c4f2a10f34cad8ce83ea42c93bb75
- name: github.com/magiconair/properties
  version: c2353362d570a7bfa228149c62842019201cfb71
- name: github.com/mitchellh/mapstructure
  version: 3536a929edddb9a5b34bd6861dc4a9647cb459fe
- name: github.com/opencontainers/go-digest
  version: c9281466c8b2f606084ac71339773efd177436e7
- name: github.com/pelletier/go-toml
  version: 81a861c69d25a841d0c4394f0e6f84bc8c5afae0
- name: github.com/phayes/permbits
  version: 59f2482cd4603d9795e7b2385448d5d7f42fdeee
- name: github.com/sergi/go-diff
  version: 1744e2970ca51c86172c8190fadad617561ed6e7
- name: github.com/sirupsen/logrus
  version: c155da19408a8799da419ed3eeb0cb5db0ad5dbc
- name: github.com/Sirupsen/logrus
  version: 55eb11d21d2a31a3cc93838241d04800f52e823d
  subpackages:
  - formatters/logstash
- name: github.com/spf13/afero
  version: d40851caa0d747393da1ffb28f7f9d8b4eeffebd
  subpackages:
  - mem
- name: github.com/spf13/cast
  version: 8965335b8c7107321228e3e3702cab9832751bac
- name: github.com/spf13/cobra
  version: a1f051bc3eba734da4772d60e2d677f47cf93ef4
  subpackages:
  - cobra
- name: github.com/spf13/jwalterweatherman
  version: 103a6da826d08544f49833dabd4f1cdf8a1038bb
- name: github.com/spf13/pflag
  version: 298182f68c66c05229eb03ac171abe6e309ee79a
- name: github.com/spf13/viper
  version: 62edee319679b6ceaec16de03b966102d2dea709
- name: github.com/vmihailenco/msgpack
  version: a053f3dac71df214bfe8b367f34220f0029c9c02
  subpackages:
  - codes
- name: golang.org/x/crypto
  version: 7c1a557ab941a71c619514f229f0b27ccb0c27cf
  subpackages:
  - ssh/terminal
- name: golang.org/x/net
  version: 4876518f9e71663000c348837735820161a42df7
  subpackages:
  - context
  - context/ctxhttp
  - http2
  - http2/hpack
  - internal/timeseries
  - trace
- name: golang.org/x/sys
  version: 4497e2df6f9e69048a54498c7affbbec3294ad47
  subpackages:
  - unix
  - windows
- name: golang.org/x/text
  version: 4d1c5fb19474adfe9562c9847ba425e7da817e81
  subpackages:
  - transform
  - unicode/norm
- name: google.golang.org/appengine
  version: 12d5545dc1cfa6047a286d5e853841b6471f4c19
  subpackages:
  - datastore
  - internal
  - internal/app_identity
  - internal/base
  - internal/datastore
  - internal/log
  - internal/modules
  - internal/remote_api
- name: google.golang.org/grpc
  version: d11072e7ca9811b1100b80ca0269ac831f06d024
- name: gopkg.in/yaml.v2
  version: 5420a8b6744d3b0345ab293f6fcba19c978f1183
testImports: []
